
Microsoft Visual Studio Solution File, Format Version 12.00
# Visual Studio Version 16
VisualStudioVersion = 16.0.30523.141
MinimumVisualStudioVersion = 10.0.40219.1
Project("{FAE04EC0-301F-11D3-BF4B-00C04F79EFBC}") = "Hostel Management system", "Hostel Management system.csproj", "{5437A31F-3533-41E9-B74A-3310CBE75BA0}"
EndProject
Global
	GlobalSection(SolutionConfigurationPlatforms) = preSolution
		Debug|Any CPU = Debug|Any CPU
		Release|Any CPU = Release|Any CPU
	EndGlobalSection
	GlobalSection(ProjectConfigurationPlatforms) = postSolution
		{5437A31F-3533-41E9-B74A-3310CBE75BA0}.Debug|Any CPU.ActiveCfg = Debug|Any CPU
		{5437A31F-3533-41E9-B74A-3310CBE75BA0}.Debug|Any CPU.Build.0 = Debug|Any CPU
		{5437A31F-3533-41E9-B74A-3310CBE75BA0}.Release|Any CPU.ActiveCfg = Release|Any CPU
		{5437A31F-3533-41E9-B74A-3310CBE75BA0}.Release|Any CPU.Build.0 = Release|Any CPU
	EndGlobalSection
	GlobalSection(SolutionProperties) = preSolution
		HideSolutionNode = FALSE
	EndGlobalSection
	GlobalSection(ExtensibilityGlobals) = postSolution
		SolutionGuid = {E7E40912-A7CE-490B-B112-BF5F6051EEE6}
	EndGlobalSection
EndGlobal
